
Microsoft Visual Studio Solution File, Format Version 12.00
# Visual Studio 2013
VisualStudioVersion = 12.0.21005.1
MinimumVisualStudioVersion = 10.0.40219.1
Project("{F2A71F9B-5D33-465A-A702-920D77279786}") = "app", "app\app.fsproj", "{B33C6C74-6C74-4020-A350-44424AEB0A18}"
EndProject
Project("{F2A71F9B-5D33-465A-A702-920D77279786}") = "test", "test\test.fsproj", "{0E3D7BFD-22B7-48A5-8801-C8D362C70B7D}"
EndProject
Global
	GlobalSection(SolutionConfigurationPlatforms) = preSolution
		Debug|Any CPU = Debug|Any CPU
		Release|Any CPU = Release|Any CPU
	EndGlobalSection
	GlobalSection(ProjectConfigurationPlatforms) = postSolution
		{B33C6C74-6C74-4020-A350-44424AEB0A18}.Debug|Any CPU.ActiveCfg = Debug|Any CPU
		{B33C6C74-6C74-4020-A350-44424AEB0A18}.Debug|Any CPU.Build.0 = Debug|Any CPU
		{B33C6C74-6C74-4020-A350-44424AEB0A18}.Release|Any CPU.ActiveCfg = Release|Any CPU
		{B33C6C74-6C74-4020-A350-44424AEB0A18}.Release|Any CPU.Build.0 = Release|Any CPU
		{0E3D7BFD-22B7-48A5-8801-C8D362C70B7D}.Debug|Any CPU.ActiveCfg = Debug|Any CPU
		{0E3D7BFD-22B7-48A5-8801-C8D362C70B7D}.Debug|Any CPU.Build.0 = Debug|Any CPU
		{0E3D7BFD-22B7-48A5-8801-C8D362C70B7D}.Release|Any CPU.ActiveCfg = Release|Any CPU
		{0E3D7BFD-22B7-48A5-8801-C8D362C70B7D}.Release|Any CPU.Build.0 = Release|Any CPU
	EndGlobalSection
	GlobalSection(SolutionProperties) = preSolution
		HideSolutionNode = FALSE
	EndGlobalSection
EndGlobal
